
Microsoft Visual Studio Solution File, Format Version 12.00
# Visual Studio Version 17
VisualStudioVersion = 17.7.34024.191
MinimumVisualStudioVersion = 10.0.40219.1
Project("{FAE04EC0-301F-11D3-BF4B-00C04F79EFBC}") = "Unit Converter", "Unit Converter\Unit Converter.csproj", "{C9EFB0B3-3A50-44CB-95FB-07791A333722}"
EndProject
Global
	GlobalSection(SolutionConfigurationPlatforms) = preSolution
		Debug|Any CPU = Debug|Any CPU
		Release|Any CPU = Release|Any CPU
	EndGlobalSection
	GlobalSection(ProjectConfigurationPlatforms) = postSolution
		{C9EFB0B3-3A50-44CB-95FB-07791A333722}.Debug|Any CPU.ActiveCfg = Debug|Any CPU
		{C9EFB0B3-3A50-44CB-95FB-07791A333722}.Debug|Any CPU.Build.0 = Debug|Any CPU
		{C9EFB0B3-3A50-44CB-95FB-07791A333722}.Release|Any CPU.ActiveCfg = Release|Any CPU
		{C9EFB0B3-3A50-44CB-95FB-07791A333722}.Release|Any CPU.Build.0 = Release|Any CPU
	EndGlobalSection
	GlobalSection(SolutionProperties) = preSolution
		HideSolutionNode = FALSE
	EndGlobalSection
	GlobalSection(ExtensibilityGlobals) = postSolution
		SolutionGuid = {BDEFFE0A-15E9-4192-BD19-726AEF6BBA2A}
	EndGlobalSection
EndGlobal
